
Microsoft Visual Studio Solution File, Format Version 12.00
# Visual Studio Version 16
VisualStudioVersion = 16.0.29920.165
MinimumVisualStudioVersion = 10.0.40219.1
Project("{FAE04EC0-301F-11D3-BF4B-00C04F79EFBC}") = "NumberSpell", "NumberSpell.csproj", "{F703AB57-2C16-4437-9CC2-F098EE3391A8}"
EndProject
Global
	GlobalSection(SolutionConfigurationPlatforms) = preSolution
		Debug|Any CPU = Debug|Any CPU
		Release|Any CPU = Release|Any CPU
	EndGlobalSection
	GlobalSection(ProjectConfigurationPlatforms) = postSolution
		{F703AB57-2C16-4437-9CC2-F098EE3391A8}.Debug|Any CPU.ActiveCfg = Debug|Any CPU
		{F703AB57-2C16-4437-9CC2-F098EE3391A8}.Debug|Any CPU.Build.0 = Debug|Any CPU
		{F703AB57-2C16-4437-9CC2-F098EE3391A8}.Release|Any CPU.ActiveCfg = Release|Any CPU
		{F703AB57-2C16-4437-9CC2-F098EE3391A8}.Release|Any CPU.Build.0 = Release|Any CPU
	EndGlobalSection
	GlobalSection(SolutionProperties) = preSolution
		HideSolutionNode = FALSE
	EndGlobalSection
	GlobalSection(ExtensibilityGlobals) = postSolution
		SolutionGuid = {CF4A9B30-6A2A-4FA9-9280-6320598F6825}
	EndGlobalSection
EndGlobal
